
Microsoft Visual Studio Solution File, Format Version 12.00
# Visual Studio 15
VisualStudioVersion = 15.0.28307.489
MinimumVisualStudioVersion = 10.0.40219.1
Project("{FAE04EC0-301F-11D3-BF4B-00C04F79EFBC}") = "ImageCustomView.Android", "ImageCustomView\ImageCustomView.Android\ImageCustomView.Android.csproj", "{1828F8B5-02B3-4728-A146-22A2B1DEE265}"
EndProject
Project("{FAE04EC0-301F-11D3-BF4B-00C04F79EFBC}") = "ImageCustomView.iOS", "ImageCustomView\ImageCustomView.iOS\ImageCustomView.iOS.csproj", "{EA0D10BC-B719-40CB-AEC8-3E538388C87C}"
EndProject
Project("{FAE04EC0-301F-11D3-BF4B-00C04F79EFBC}") = "ImageCustomView", "ImageCustomView\ImageCustomView\ImageCustomView.csproj", "{C0426906-07A5-4FF4-B281-C3DDD2558703}"
EndProject
Global
	GlobalSection(SolutionConfigurationPlatforms) = preSolution
		Ad-Hoc|Any CPU = Ad-Hoc|Any CPU
		Ad-Hoc|iPhone = Ad-Hoc|iPhone
		Ad-Hoc|iPhoneSimulator = Ad-Hoc|iPhoneSimulator
		AppStore|Any CPU = AppStore|Any CPU
		AppStore|iPhone = AppStore|iPhone
		AppStore|iPhoneSimulator = AppStore|iPhoneSimulator
		Debug|Any CPU = Debug|Any CPU
		Debug|iPhone = Debug|iPhone
		Debug|iPhoneSimulator = Debug|iPhoneSimulator
		Release|Any CPU = Release|Any CPU
		Release|iPhone = Release|iPhone
		Release|iPhoneSimulator = Release|iPhoneSimulator
	EndGlobalSection
	GlobalSection(ProjectConfigurationPlatforms) = postSolution
		{1828F8B5-02B3-4728-A146-22A2B1DEE265}.Ad-Hoc|Any CPU.ActiveCfg = Release|Any CPU
		{1828F8B5-02B3-4728-A146-22A2B1DEE265}.Ad-Hoc|Any CPU.Build.0 = Release|Any CPU
		{1828F8B5-02B3-4728-A146-22A2B1DEE265}.Ad-Hoc|Any CPU.Deploy.0 = Release|Any CPU
		{1828F8B5-02B3-4728-A146-22A2B1DEE265}.Ad-Hoc|iPhone.ActiveCfg = Release|Any CPU
		{1828F8B5-02B3-4728-A146-22A2B1DEE265}.Ad-Hoc|iPhone.Build.0 = Release|Any CPU
		{1828F8B5-02B3-4728-A146-22A2B1DEE265}.Ad-Hoc|iPhone.Deploy.0 = Release|Any CPU
		{1828F8B5-02B3-4728-A146-22A2B1DEE265}.Ad-Hoc|iPhoneSimulator.ActiveCfg = Release|Any CPU
		{1828F8B5-02B3-4728-A146-22A2B1DEE265}.Ad-Hoc|iPhoneSimulator.Build.0 = Release|Any CPU
		{1828F8B5-02B3-4728-A146-22A2B1DEE265}.Ad-Hoc|iPhoneSimulator.Deploy.0 = Release|Any CPU
		{1828F8B5-02B3-4728-A146-22A2B1DEE265}.AppStore|Any CPU.ActiveCfg = Release|Any CPU
		{1828F8B5-02B3-4728-A146-22A2B1DEE265}.AppStore|Any CPU.Build.0 = Release|Any CPU
		{1828F8B5-02B3-4728-A146-22A2B1DEE265}.AppStore|Any CPU.Deploy.0 = Release|Any CPU
		{1828F8B5-02B3-4728-A146-22A2B1DEE265}.AppStore|iPhone.ActiveCfg = Release|Any CPU
		{1828F8B5-02B3-4728-A146-22A2B1DEE265}.AppStore|iPhone.Build.0 = Release|Any CPU
		{1828F8B5-02B3-4728-A146-22A2B1DEE265}.AppStore|iPhone.Deploy.0 = Release|Any CPU
		{1828F8B5-02B3-4728-A146-22A2B1DEE265}.AppStore|iPhoneSimulator.ActiveCfg = Release|Any CPU
		{1828F8B5-02B3-4728-A146-22A2B1DEE265}.AppStore|iPhoneSimulator.Build.0 = Release|Any CPU
		{1828F8B5-02B3-4728-A146-22A2B1DEE265}.AppStore|iPhoneSimulator.Deploy.0 = Release|Any CPU
		{1828F8B5-02B3-4728-A146-22A2B1DEE265}.Debug|Any CPU.ActiveCfg = Debug|Any CPU
		{1828F8B5-02B3-4728-A146-22A2B1DEE265}.Debug|Any CPU.Build.0 = Debug|Any CPU
		{1828F8B5-02B3-4728-A146-22A2B1DEE265}.Debug|Any CPU.Deploy.0 = Debug|Any CPU
		{1828F8B5-02B3-4728-A146-22A2B1DEE265}.Debug|iPhone.ActiveCfg = Debug|Any CPU
		{1828F8B5-02B3-4728-A146-22A2B1DEE265}.Debug|iPhone.Build.0 = Debug|Any CPU
		{1828F8B5-02B3-4728-A146-22A2B1DEE265}.Debug|iPhone.Deploy.0 = Debug|Any CPU
		{1828F8B5-02B3-4728-A146-22A2B1DEE265}.Debug|iPhoneSimulator.ActiveCfg = Debug|Any CPU
		{1828F8B5-02B3-4728-A146-22A2B1DEE265}.Debug|iPhoneSimulator.Build.0 = Debug|Any CPU
		{1828F8B5-02B3-4728-A146-22A2B1DEE265}.Debug|iPhoneSimulator.Deploy.0 = Debug|Any CPU
		{1828F8B5-02B3-4728-A146-22A2B1DEE265}.Release|Any CPU.ActiveCfg = Release|Any CPU
		{1828F8B5-02B3-4728-A146-22A2B1DEE265}.Release|Any CPU.Build.0 = Release|Any CPU
		{1828F8B5-02B3-4728-A146-22A2B1DEE265}.Release|Any CPU.Deploy.0 = Release|Any CPU
		{1828F8B5-02B3-4728-A146-22A2B1DEE265}.Release|iPhone.ActiveCfg = Release|Any CPU
		{1828F8B5-02B3-4728-A146-22A2B1DEE265}.Release|iPhone.Build.0 = Release|Any CPU
		{1828F8B5-02B3-4728-A146-22A2B1DEE265}.Release|iPhone.Deploy.0 = Release|Any CPU
		{1828F8B5-02B3-4728-A146-22A2B1DEE265}.Release|iPhoneSimulator.ActiveCfg = Release|Any CPU
		{1828F8B5-02B3-4728-A146-22A2B1DEE265}.Release|iPhoneSimulator.Build.0 = Release|Any CPU
		{1828F8B5-02B3-4728-A146-22A2B1DEE265}.Release|iPhoneSimulator.Deploy.0 = Release|Any CPU
		{EA0D10BC-B719-40CB-AEC8-3E538388C87C}.Ad-Hoc|Any CPU.ActiveCfg = Ad-Hoc|iPhone
		{EA0D10BC-B719-40CB-AEC8-3E538388C87C}.Ad-Hoc|Any CPU.Build.0 = Ad-Hoc|iPhone
		{EA0D10BC-B719-40CB-AEC8-3E538388C87C}.Ad-Hoc|Any CPU.Deploy.0 = Ad-Hoc|iPhone
		{EA0D10BC-B719-40CB-AEC8-3E538388C87C}.Ad-Hoc|iPhone.ActiveCfg = Ad-Hoc|iPhone
		{EA0D10BC-B719-40CB-AEC8-3E538388C87C}.Ad-Hoc|iPhone.Build.0 = Ad-Hoc|iPhone
		{EA0D10BC-B719-40CB-AEC8-3E538388C87C}.Ad-Hoc|iPhone.Deploy.0 = Ad-Hoc|iPhone
		{EA0D10BC-B719-40CB-AEC8-3E538388C87C}.Ad-Hoc|iPhoneSimulator.ActiveCfg = Ad-Hoc|iPhoneSimulator
		{EA0D10BC-B719-40CB-AEC8-3E538388C87C}.Ad-Hoc|iPhoneSimulator.Build.0 = Ad-Hoc|iPhoneSimulator
		{EA0D10BC-B719-40CB-AEC8-3E538388C87C}.Ad-Hoc|iPhoneSimulator.Deploy.0 = Ad-Hoc|iPhoneSimulator
		{EA0D10BC-B719-40CB-AEC8-3E538388C87C}.AppStore|Any CPU.ActiveCfg = AppStore|iPhone
		{EA0D10BC-B719-40CB-AEC8-3E538388C87C}.AppStore|Any CPU.Build.0 = AppStore|iPhone
		{EA0D10BC-B719-40CB-AEC8-3E538388C87C}.AppStore|Any CPU.Deploy.0 = AppStore|iPhone
		{EA0D10BC-B719-40CB-AEC8-3E538388C87C}.AppStore|iPhone.ActiveCfg = AppStore|iPhone
		{EA0D10BC-B719-40CB-AEC8-3E538388C87C}.AppStore|iPhone.Build.0 = AppStore|iPhone
		{EA0D10BC-B719-40CB-AEC8-3E538388C87C}.AppStore|iPhone.Deploy.0 = AppStore|iPhone
		{EA0D10BC-B719-40CB-AEC8-3E538388C87C}.AppStore|iPhoneSimulator.ActiveCfg = AppStore|iPhoneSimulator
		{EA0D10BC-B719-40CB-AEC8-3E538388C87C}.AppStore|iPhoneSimulator.Build.0 = AppStore|iPhoneSimulator
		{EA0D10BC-B719-40CB-AEC8-3E538388C87C}.AppStore|iPhoneSimulator.Deploy.0 = AppStore|iPhoneSimulator
		{EA0D10BC-B719-40CB-AEC8-3E538388C87C}.Debug|Any CPU.ActiveCfg = Debug|iPhoneSimulator
		{EA0D10BC-B719-40CB-AEC8-3E538388C87C}.Debug|Any CPU.Build.0 = Debug|iPhoneSimulator
		{EA0D10BC-B719-40CB-AEC8-3E538388C87C}.Debug|Any CPU.Deploy.0 = Debug|iPhoneSimulator
		{EA0D10BC-B719-40CB-AEC8-3E538388C87C}.Debug|iPhone.ActiveCfg = Debug|iPhone
		{EA0D10BC-B719-40CB-AEC8-3E538388C87C}.Debug|iPhone.Build.0 = Debug|iPhone
		{EA0D10BC-B719-40CB-AEC8-3E538388C87C}.Debug|iPhone.Deploy.0 = Debug|iPhone
		{EA0D10BC-B719-40CB-AEC8-3E538388C87C}.Debug|iPhoneSimulator.ActiveCfg = Debug|iPhoneSimulator
		{EA0D10BC-B719-40CB-AEC8-3E538388C87C}.Debug|iPhoneSimulator.Build.0 = Debug|iPhoneSimulator
		{EA0D10BC-B719-40CB-AEC8-3E538388C87C}.Debug|iPhoneSimulator.Deploy.0 = Debug|iPhoneSimulator
		{EA0D10BC-B719-40CB-AEC8-3E538388C87C}.Release|Any CPU.ActiveCfg = Release|iPhone
		{EA0D10BC-B719-40CB-AEC8-3E538388C87C}.Release|Any CPU.Build.0 = Release|iPhone
		{EA0D10BC-B719-40CB-AEC8-3E538388C87C}.Release|Any CPU.Deploy.0 = Release|iPhone
		{EA0D10BC-B719-40CB-AEC8-3E538388C87C}.Release|iPhone.ActiveCfg = Release|iPhone
		{EA0D10BC-B719-40CB-AEC8-3E538388C87C}.Release|iPhone.Build.0 = Release|iPhone
		{EA0D10BC-B719-40CB-AEC8-3E538388C87C}.Release|iPhone.Deploy.0 = Release|iPhone
		{EA0D10BC-B719-40CB-AEC8-3E538388C87C}.Release|iPhoneSimulator.ActiveCfg = Release|iPhoneSimulator
		{EA0D10BC-B719-40CB-AEC8-3E538388C87C}.Release|iPhoneSimulator.Build.0 = Release|iPhoneSimulator
		{EA0D10BC-B719-40CB-AEC8-3E538388C87C}.Release|iPhoneSimulator.Deploy.0 = Release|iPhoneSimulator
		{C0426906-07A5-4FF4-B281-C3DDD2558703}.Ad-Hoc|Any CPU.ActiveCfg = Debug|Any CPU
		{C0426906-07A5-4FF4-B281-C3DDD2558703}.Ad-Hoc|Any CPU.Build.0 = Debug|Any CPU
		{C0426906-07A5-4FF4-B281-C3DDD2558703}.Ad-Hoc|Any CPU.Deploy.0 = Debug|Any CPU
		{C0426906-07A5-4FF4-B281-C3DDD2558703}.Ad-Hoc|iPhone.ActiveCfg = Debug|Any CPU
		{C0426906-07A5-4FF4-B281-C3DDD2558703}.Ad-Hoc|iPhone.Build.0 = Debug|Any CPU
		{C0426906-07A5-4FF4-B281-C3DDD2558703}.Ad-Hoc|iPhone.Deploy.0 = Debug|Any CPU
		{C0426906-07A5-4FF4-B281-C3DDD2558703}.Ad-Hoc|iPhoneSimulator.ActiveCfg = Debug|Any CPU
		{C0426906-07A5-4FF4-B281-C3DDD2558703}.Ad-Hoc|iPhoneSimulator.Build.0 = Debug|Any CPU
		{C0426906-07A5-4FF4-B281-C3DDD2558703}.Ad-Hoc|iPhoneSimulator.Deploy.0 = Debug|Any CPU
		{C0426906-07A5-4FF4-B281-C3DDD2558703}.AppStore|Any CPU.ActiveCfg = Debug|Any CPU
		{C0426906-07A5-4FF4-B281-C3DDD2558703}.AppStore|Any CPU.Build.0 = Debug|Any CPU
		{C0426906-07A5-4FF4-B281-C3DDD2558703}.AppStore|Any CPU.Deploy.0 = Debug|Any CPU
		{C0426906-07A5-4FF4-B281-C3DDD2558703}.AppStore|iPhone.ActiveCfg = Debug|Any CPU
		{C0426906-07A5-4FF4-B281-C3DDD2558703}.AppStore|iPhone.Build.0 = Debug|Any CPU
		{C0426906-07A5-4FF4-B281-C3DDD2558703}.AppStore|iPhone.Deploy.0 = Debug|Any CPU
		{C0426906-07A5-4FF4-B281-C3DDD2558703}.AppStore|iPhoneSimulator.ActiveCfg = Debug|Any CPU
		{C0426906-07A5-4FF4-B281-C3DDD2558703}.AppStore|iPhoneSimulator.Build.0 = Debug|Any CPU
		{C0426906-07A5-4FF4-B281-C3DDD2558703}.AppStore|iPhoneSimulator.Deploy.0 = Debug|Any CPU
		{C0426906-07A5-4FF4-B281-C3DDD2558703}.Debug|Any CPU.ActiveCfg = Debug|Any CPU
		{C0426906-07A5-4FF4-B281-C3DDD2558703}.Debug|Any CPU.Build.0 = Debug|Any CPU
		{C0426906-07A5-4FF4-B281-C3DDD2558703}.Debug|Any CPU.Deploy.0 = Debug|Any CPU
		{C0426906-07A5-4FF4-B281-C3DDD2558703}.Debug|iPhone.ActiveCfg = Debug|Any CPU
		{C0426906-07A5-4FF4-B281-C3DDD2558703}.Debug|iPhone.Build.0 = Debug|Any CPU
		{C0426906-07A5-4FF4-B281-C3DDD2558703}.Debug|iPhone.Deploy.0 = Debug|Any CPU
		{C0426906-07A5-4FF4-B281-C3DDD2558703}.Debug|iPhoneSimulator.ActiveCfg = Debug|Any CPU
		{C0426906-07A5-4FF4-B281-C3DDD2558703}.Debug|iPhoneSimulator.Build.0 = Debug|Any CPU
		{C0426906-07A5-4FF4-B281-C3DDD2558703}.Debug|iPhoneSimulator.Deploy.0 = Debug|Any CPU
		{C0426906-07A5-4FF4-B281-C3DDD2558703}.Release|Any CPU.ActiveCfg = Release|Any CPU
		{C0426906-07A5-4FF4-B281-C3DDD2558703}.Release|Any CPU.Build.0 = Release|Any CPU
		{C0426906-07A5-4FF4-B281-C3DDD2558703}.Release|Any CPU.Deploy.0 = Release|Any CPU
		{C0426906-07A5-4FF4-B281-C3DDD2558703}.Release|iPhone.ActiveCfg = Release|Any CPU
		{C0426906-07A5-4FF4-B281-C3DDD2558703}.Release|iPhone.Build.0 = Release|Any CPU
		{C0426906-07A5-4FF4-B281-C3DDD2558703}.Release|iPhone.Deploy.0 = Release|Any CPU
		{C0426906-07A5-4FF4-B281-C3DDD2558703}.Release|iPhoneSimulator.ActiveCfg = Release|Any CPU
		{C0426906-07A5-4FF4-B281-C3DDD2558703}.Release|iPhoneSimulator.Build.0 = Release|Any CPU
		{C0426906-07A5-4FF4-B281-C3DDD2558703}.Release|iPhoneSimulator.Deploy.0 = Release|Any CPU
	EndGlobalSection
	GlobalSection(SolutionProperties) = preSolution
		HideSolutionNode = FALSE
	EndGlobalSection
	GlobalSection(ExtensibilityGlobals) = postSolution
		SolutionGuid = {DD3C98AE-A2E6-4ADD-89D8-F38E2AFF7AB8}
	EndGlobalSection
EndGlobal
